
Microsoft Visual Studio Solution File, Format Version 12.00
# Visual Studio 14
VisualStudioVersion = 14.0.24720.0
MinimumVisualStudioVersion = 10.0.40219.1
Project("{FAE04EC0-301F-11D3-BF4B-00C04F79EFBC}") = "WordPlugin", "WordPlugin\WordPlugin.csproj", "{B3F70693-5102-41FB-AB6C-0701A1D41E77}"
EndProject
Project("{FAE04EC0-301F-11D3-BF4B-00C04F79EFBC}") = "SitecoreTreeWalker", "WordPlugin\SitecoreTreeWalker\SitecoreTreeWalker.csproj", "{3ED1F49B-D9FE-40EE-A4D4-672250632A8F}"
EndProject
Project("{FAE04EC0-301F-11D3-BF4B-00C04F79EFBC}") = "PluginModels", "src\PluginModels\PluginModels.csproj", "{C96F1D6A-3E9B-4ABD-9CD3-2BD89B0809ED}"
EndProject
Global
	GlobalSection(SolutionConfigurationPlatforms) = preSolution
		Debug|Any CPU = Debug|Any CPU
		Release|Any CPU = Release|Any CPU
		WordPlugin-Debug|Any CPU = WordPlugin-Debug|Any CPU
		WordPlugin-Release|Any CPU = WordPlugin-Release|Any CPU
	EndGlobalSection
	GlobalSection(ProjectConfigurationPlatforms) = postSolution
		{B3F70693-5102-41FB-AB6C-0701A1D41E77}.Debug|Any CPU.ActiveCfg = Debug|Any CPU
		{B3F70693-5102-41FB-AB6C-0701A1D41E77}.Debug|Any CPU.Build.0 = Debug|Any CPU
		{B3F70693-5102-41FB-AB6C-0701A1D41E77}.Release|Any CPU.ActiveCfg = Release|Any CPU
		{B3F70693-5102-41FB-AB6C-0701A1D41E77}.Release|Any CPU.Build.0 = Release|Any CPU
		{B3F70693-5102-41FB-AB6C-0701A1D41E77}.WordPlugin-Debug|Any CPU.ActiveCfg = Debug|Any CPU
		{B3F70693-5102-41FB-AB6C-0701A1D41E77}.WordPlugin-Release|Any CPU.ActiveCfg = Release|Any CPU
		{3ED1F49B-D9FE-40EE-A4D4-672250632A8F}.Debug|Any CPU.ActiveCfg = Debug|Any CPU
		{3ED1F49B-D9FE-40EE-A4D4-672250632A8F}.Debug|Any CPU.Build.0 = Debug|Any CPU
		{3ED1F49B-D9FE-40EE-A4D4-672250632A8F}.Release|Any CPU.ActiveCfg = Release|Any CPU
		{3ED1F49B-D9FE-40EE-A4D4-672250632A8F}.Release|Any CPU.Build.0 = Release|Any CPU
		{3ED1F49B-D9FE-40EE-A4D4-672250632A8F}.WordPlugin-Debug|Any CPU.ActiveCfg = WordPlugin-Debug|Any CPU
		{3ED1F49B-D9FE-40EE-A4D4-672250632A8F}.WordPlugin-Debug|Any CPU.Build.0 = WordPlugin-Debug|Any CPU
		{3ED1F49B-D9FE-40EE-A4D4-672250632A8F}.WordPlugin-Release|Any CPU.ActiveCfg = WordPlugin-Release|Any CPU
		{3ED1F49B-D9FE-40EE-A4D4-672250632A8F}.WordPlugin-Release|Any CPU.Build.0 = WordPlugin-Release|Any CPU
		{C96F1D6A-3E9B-4ABD-9CD3-2BD89B0809ED}.Debug|Any CPU.ActiveCfg = Debug|Any CPU
		{C96F1D6A-3E9B-4ABD-9CD3-2BD89B0809ED}.Debug|Any CPU.Build.0 = Debug|Any CPU
		{C96F1D6A-3E9B-4ABD-9CD3-2BD89B0809ED}.Release|Any CPU.ActiveCfg = Release|Any CPU
		{C96F1D6A-3E9B-4ABD-9CD3-2BD89B0809ED}.Release|Any CPU.Build.0 = Release|Any CPU
		{C96F1D6A-3E9B-4ABD-9CD3-2BD89B0809ED}.WordPlugin-Debug|Any CPU.ActiveCfg = Debug|Any CPU
		{C96F1D6A-3E9B-4ABD-9CD3-2BD89B0809ED}.WordPlugin-Debug|Any CPU.Build.0 = Debug|Any CPU
		{C96F1D6A-3E9B-4ABD-9CD3-2BD89B0809ED}.WordPlugin-Release|Any CPU.ActiveCfg = Release|Any CPU
		{C96F1D6A-3E9B-4ABD-9CD3-2BD89B0809ED}.WordPlugin-Release|Any CPU.Build.0 = Release|Any CPU
	EndGlobalSection
	GlobalSection(SolutionProperties) = preSolution
		HideSolutionNode = FALSE
	EndGlobalSection
EndGlobal
