
Microsoft Visual Studio Solution File, Format Version 12.00
# Visual Studio 14
VisualStudioVersion = 14.0.25420.1
MinimumVisualStudioVersion = 10.0.40219.1
Project("{CAA73BB0-EF22-4D79-A57E-DF67B3BA9C80}") = "Informa.tds.core", "..\Informa.tds.core\Informa.tds.core.scproj", "{2D6B2177-71E3-41D2-BC72-6D17CEBA1B3E}"
EndProject
Project("{CAA73BB0-EF22-4D79-A57E-DF67B3BA9C80}") = "Informa.tds.master", "..\Informa.tds.master\Informa.tds.master.scproj", "{0707D4FE-C860-4127-BAE4-463E673D4D69}"
EndProject
Project("{CAA73BB0-EF22-4D79-A57E-DF67B3BA9C80}") = "Informa.tds.master.content", "..\Informa.tds.master.content\Informa.tds.master.content.scproj", "{1AD20906-6DB6-4FE5-872E-EA79ECFB3491}"
EndProject
Global
	GlobalSection(SolutionConfigurationPlatforms) = preSolution
		Debug|Any CPU = Debug|Any CPU
		Debug-NoTds|Any CPU = Debug-NoTds|Any CPU
		PKG|Any CPU = PKG|Any CPU
		Release|Any CPU = Release|Any CPU
		Release-NoTds|Any CPU = Release-NoTds|Any CPU
	EndGlobalSection
	GlobalSection(ProjectConfigurationPlatforms) = postSolution
		{2D6B2177-71E3-41D2-BC72-6D17CEBA1B3E}.Debug|Any CPU.ActiveCfg = Debug|Any CPU
		{2D6B2177-71E3-41D2-BC72-6D17CEBA1B3E}.Debug|Any CPU.Build.0 = Debug|Any CPU
		{2D6B2177-71E3-41D2-BC72-6D17CEBA1B3E}.Debug|Any CPU.Deploy.0 = Debug|Any CPU
		{2D6B2177-71E3-41D2-BC72-6D17CEBA1B3E}.Debug-NoTds|Any CPU.ActiveCfg = Debug-NoTds|Any CPU
		{2D6B2177-71E3-41D2-BC72-6D17CEBA1B3E}.Debug-NoTds|Any CPU.Build.0 = Debug-NoTds|Any CPU
		{2D6B2177-71E3-41D2-BC72-6D17CEBA1B3E}.Debug-NoTds|Any CPU.Deploy.0 = Debug-NoTds|Any CPU
		{2D6B2177-71E3-41D2-BC72-6D17CEBA1B3E}.PKG|Any CPU.ActiveCfg = PKG|Any CPU
		{2D6B2177-71E3-41D2-BC72-6D17CEBA1B3E}.PKG|Any CPU.Build.0 = PKG|Any CPU
		{2D6B2177-71E3-41D2-BC72-6D17CEBA1B3E}.PKG|Any CPU.Deploy.0 = PKG|Any CPU
		{2D6B2177-71E3-41D2-BC72-6D17CEBA1B3E}.Release|Any CPU.ActiveCfg = Release|Any CPU
		{2D6B2177-71E3-41D2-BC72-6D17CEBA1B3E}.Release|Any CPU.Build.0 = Release|Any CPU
		{2D6B2177-71E3-41D2-BC72-6D17CEBA1B3E}.Release|Any CPU.Deploy.0 = Release|Any CPU
		{2D6B2177-71E3-41D2-BC72-6D17CEBA1B3E}.Release-NoTds|Any CPU.ActiveCfg = Release-NoTds|Any CPU
		{2D6B2177-71E3-41D2-BC72-6D17CEBA1B3E}.Release-NoTds|Any CPU.Build.0 = Release-NoTds|Any CPU
		{2D6B2177-71E3-41D2-BC72-6D17CEBA1B3E}.Release-NoTds|Any CPU.Deploy.0 = Release-NoTds|Any CPU
		{0707D4FE-C860-4127-BAE4-463E673D4D69}.Debug|Any CPU.ActiveCfg = Debug|Any CPU
		{0707D4FE-C860-4127-BAE4-463E673D4D69}.Debug|Any CPU.Build.0 = Debug|Any CPU
		{0707D4FE-C860-4127-BAE4-463E673D4D69}.Debug|Any CPU.Deploy.0 = Debug|Any CPU
		{0707D4FE-C860-4127-BAE4-463E673D4D69}.Debug-NoTds|Any CPU.ActiveCfg = Debug-NoTds|Any CPU
		{0707D4FE-C860-4127-BAE4-463E673D4D69}.Debug-NoTds|Any CPU.Build.0 = Debug-NoTds|Any CPU
		{0707D4FE-C860-4127-BAE4-463E673D4D69}.Debug-NoTds|Any CPU.Deploy.0 = Debug-NoTds|Any CPU
		{0707D4FE-C860-4127-BAE4-463E673D4D69}.PKG|Any CPU.ActiveCfg = PKG|Any CPU
		{0707D4FE-C860-4127-BAE4-463E673D4D69}.PKG|Any CPU.Build.0 = PKG|Any CPU
		{0707D4FE-C860-4127-BAE4-463E673D4D69}.PKG|Any CPU.Deploy.0 = PKG|Any CPU
		{0707D4FE-C860-4127-BAE4-463E673D4D69}.Release|Any CPU.ActiveCfg = Release|Any CPU
		{0707D4FE-C860-4127-BAE4-463E673D4D69}.Release|Any CPU.Build.0 = Release|Any CPU
		{0707D4FE-C860-4127-BAE4-463E673D4D69}.Release|Any CPU.Deploy.0 = Release|Any CPU
		{0707D4FE-C860-4127-BAE4-463E673D4D69}.Release-NoTds|Any CPU.ActiveCfg = Release-NoTds|Any CPU
		{0707D4FE-C860-4127-BAE4-463E673D4D69}.Release-NoTds|Any CPU.Build.0 = Release-NoTds|Any CPU
		{0707D4FE-C860-4127-BAE4-463E673D4D69}.Release-NoTds|Any CPU.Deploy.0 = Release-NoTds|Any CPU
		{1AD20906-6DB6-4FE5-872E-EA79ECFB3491}.Debug|Any CPU.ActiveCfg = Debug|Any CPU
		{1AD20906-6DB6-4FE5-872E-EA79ECFB3491}.Debug|Any CPU.Build.0 = Debug|Any CPU
		{1AD20906-6DB6-4FE5-872E-EA79ECFB3491}.Debug|Any CPU.Deploy.0 = Debug|Any CPU
		{1AD20906-6DB6-4FE5-872E-EA79ECFB3491}.Debug-NoTds|Any CPU.ActiveCfg = Debug-NoTds|Any CPU
		{1AD20906-6DB6-4FE5-872E-EA79ECFB3491}.Debug-NoTds|Any CPU.Build.0 = Debug-NoTds|Any CPU
		{1AD20906-6DB6-4FE5-872E-EA79ECFB3491}.Debug-NoTds|Any CPU.Deploy.0 = Debug-NoTds|Any CPU
		{1AD20906-6DB6-4FE5-872E-EA79ECFB3491}.PKG|Any CPU.ActiveCfg = PKG|Any CPU
		{1AD20906-6DB6-4FE5-872E-EA79ECFB3491}.PKG|Any CPU.Build.0 = PKG|Any CPU
		{1AD20906-6DB6-4FE5-872E-EA79ECFB3491}.PKG|Any CPU.Deploy.0 = PKG|Any CPU
		{1AD20906-6DB6-4FE5-872E-EA79ECFB3491}.Release|Any CPU.ActiveCfg = Release|Any CPU
		{1AD20906-6DB6-4FE5-872E-EA79ECFB3491}.Release|Any CPU.Build.0 = Release|Any CPU
		{1AD20906-6DB6-4FE5-872E-EA79ECFB3491}.Release|Any CPU.Deploy.0 = Release|Any CPU
		{1AD20906-6DB6-4FE5-872E-EA79ECFB3491}.Release-NoTds|Any CPU.ActiveCfg = Release-NoTds|Any CPU
		{1AD20906-6DB6-4FE5-872E-EA79ECFB3491}.Release-NoTds|Any CPU.Build.0 = Release-NoTds|Any CPU
		{1AD20906-6DB6-4FE5-872E-EA79ECFB3491}.Release-NoTds|Any CPU.Deploy.0 = Release-NoTds|Any CPU
	EndGlobalSection
	GlobalSection(SolutionProperties) = preSolution
		HideSolutionNode = FALSE
	EndGlobalSection
EndGlobal
